<?xml version="1.0" encoding="utf-8"?>
<Project ToolsVersion="4.0" xmlns="http://schemas.microsoft.com/developer/msbuild/2003">
  <ItemGroup>
    <Filter Include="헤더 파일">
      <UniqueIdentifier>{93995380-89BD-4b04-88EB-625FBE52EBFB}</UniqueIdentifier>
      <Extensions>h;hh;hpp;hxx;h++;hm;inl;inc;ipp;xsd</Extensions>
    </Filter>
    <Filter Include="리소스 파일">
      <UniqueIdentifier>{67DA6AB6-F800-4c08-8B7A-83BB121AAD01}</UniqueIdentifier>
      <Extensions>rc;ico;cur;bmp;dlg;rc2;rct;bin;rgs;gif;jpg;jpeg;jpe;resx;tiff;tif;png;wav;mfcribbon-ms</Extensions>
    </Filter>
    <Filter Include="App">
      <UniqueIdentifier>{7966f049-6a6f-4755-8982-91de26816bc2}</UniqueIdentifier>
    </Filter>
    <Filter Include="Dx11Main">
      <UniqueIdentifier>{dbc999e4-84fd-41ad-be7e-08bca0d45eee}</UniqueIdentifier>
    </Filter>
    <Filter Include="Object">
      <UniqueIdentifier>{6b46322a-7d3c-441d-80c0-3c052cf0b9fa}</UniqueIdentifier>
    </Filter>
    <Filter Include="Utill">
      <UniqueIdentifier>{bd2f311f-ba6c-4f45-a21a-ac8cec09e5b2}</UniqueIdentifier>
    </Filter>
    <Filter Include="Utill\PathFinding">
      <UniqueIdentifier>{143b7f16-18a2-42f5-9b31-421f24f57cce}</UniqueIdentifier>
    </Filter>
    <Filter Include="Utill\BT">
      <UniqueIdentifier>{c114c291-5ed0-48e5-8886-2d770a7c424e}</UniqueIdentifier>
    </Filter>
    <Filter Include="Manager">
      <UniqueIdentifier>{086e457e-5e4e-4007-9861-dc1d5f8a73d7}</UniqueIdentifier>
    </Filter>
    <Filter Include="Manager\InputManager">
      <UniqueIdentifier>{c6dc9f79-ddd1-48ae-bd6f-898034edd4ad}</UniqueIdentifier>
    </Filter>
    <Filter Include="Manager\SoundManager">
      <UniqueIdentifier>{21879e33-f24e-493c-a98a-6d47f4562738}</UniqueIdentifier>
    </Filter>
    <Filter Include="Utill\MeshEditor">
      <UniqueIdentifier>{8f159f87-7be6-4ff8-a6ec-29e5c00c47ee}</UniqueIdentifier>
    </Filter>
    <Filter Include="MD">
      <UniqueIdentifier>{c2a723ce-99f1-49c0-82bf-f2f7a9dafbb8}</UniqueIdentifier>
    </Filter>
    <Filter Include="Window">
      <UniqueIdentifier>{1e1443b4-3acb-4b35-9d82-37003d91fcfd}</UniqueIdentifier>
    </Filter>
  </ItemGroup>
  <ItemGroup>
    <ClInclude Include="framework.h">
      <Filter>헤더 파일</Filter>
    </ClInclude>
    <ClInclude Include="targetver.h">
      <Filter>헤더 파일</Filter>
    </ClInclude>
    <ClInclude Include="Resource.h">
      <Filter>헤더 파일</Filter>
    </ClInclude>
    <ClInclude Include="App.h">
      <Filter>App</Filter>
    </ClInclude>
    <ClInclude Include="Dx11Main.h">
      <Filter>Dx11Main</Filter>
    </ClInclude>
    <ClInclude Include="BehaviorTree.h">
      <Filter>Utill\BT</Filter>
    </ClInclude>
    <ClInclude Include="PathFinding.h">
      <Filter>Utill\PathFinding</Filter>
    </ClInclude>
    <ClInclude Include="BoxColliderComponent.h">
      <Filter>Component\PhysicsComponent</Filter>
    </ClInclude>
    <ClInclude Include="ColliderComponent.h">
      <Filter>Component\PhysicsComponent</Filter>
    </ClInclude>
    <ClInclude Include="RigidbodyComponent.h">
      <Filter>Component\PhysicsComponent</Filter>
    </ClInclude>
    <ClInclude Include="SoundManager.h">
      <Filter>Manager\SoundManager</Filter>
    </ClInclude>
    <ClInclude Include="ObjectTypeMeta.h">
      <Filter>Object</Filter>
    </ClInclude>
    <ClInclude Include="BT_Editor.h">
      <Filter>Utill\BT</Filter>
    </ClInclude>
    <ClInclude Include="MeshEditor.h">
      <Filter>Utill\MeshEditor</Filter>
    </ClInclude>
    <ClInclude Include="ProjectSetting.h">
      <Filter>Window</Filter>
    </ClInclude>
    <ClInclude Include="CustomWindowDefine.h">
      <Filter>Window</Filter>
    </ClInclude>
    <ClInclude Include="KeyState.h">
      <Filter>Manager\InputManager</Filter>
    </ClInclude>
    <ClInclude Include="GameManager.h">
      <Filter>헤더 파일</Filter>
    </ClInclude>
    <ClInclude Include="GridEditor.h">
      <Filter>헤더 파일</Filter>
    </ClInclude>
    <ClInclude Include="InputManager.h">
      <Filter>Manager\InputManager</Filter>
    </ClInclude>
  </ItemGroup>
  <ItemGroup>
    <ResourceCompile Include="Academy_4Q.rc">
      <Filter>리소스 파일</Filter>
    </ResourceCompile>
  </ItemGroup>
  <ItemGroup>
    <Image Include="small.ico">
      <Filter>리소스 파일</Filter>
    </Image>
    <Image Include="Academy_4Q.ico">
      <Filter>리소스 파일</Filter>
    </Image>
  </ItemGroup>
  <ItemGroup>
    <None Include="Prefab.md">
      <Filter>MD</Filter>
    </None>
    <None Include="README.md">
      <Filter>MD</Filter>
    </None>
  </ItemGroup>
  <ItemGroup>
    <ClCompile Include="App.cpp">
      <Filter>App</Filter>
    </ClCompile>
    <ClCompile Include="Dx11Main.cpp">
      <Filter>Dx11Main</Filter>
    </ClCompile>
    <ClCompile Include="BehaviorTree.cpp">
      <Filter>Utill\BT</Filter>
    </ClCompile>
    <ClCompile Include="PathFinding.cpp">
      <Filter>Utill\PathFinding</Filter>
    </ClCompile>
    <ClCompile Include="SoundManager.cpp">
      <Filter>Manager\SoundManager</Filter>
    </ClCompile>
    <ClCompile Include="BT_Editor.cpp">
      <Filter>Utill\BT</Filter>
    </ClCompile>
    <ClCompile Include="MeshEditor.cpp">
      <Filter>Utill\MeshEditor</Filter>
    </ClCompile>
    <ClCompile Include="KeyState.cpp">
      <Filter>Manager\InputManager</Filter>
    </ClCompile>
    <ClCompile Include="InputManager.cpp">
      <Filter>Manager\InputManager</Filter>
    </ClCompile>
  </ItemGroup>
</Project>