<?xml version="1.0" encoding="utf-8"?>
<Project ToolsVersion="4.0" xmlns="http://schemas.microsoft.com/developer/msbuild/2003">
  <ItemGroup>
    <Filter Include="소스 파일">
      <UniqueIdentifier>{4FC737F1-C7A5-4376-A066-2A32D752A2FF}</UniqueIdentifier>
      <Extensions>cpp;c;cc;cxx;c++;cppm;ixx;def;odl;idl;hpj;bat;asm;asmx</Extensions>
    </Filter>
    <Filter Include="헤더 파일">
      <UniqueIdentifier>{93995380-89BD-4b04-88EB-625FBE52EBFB}</UniqueIdentifier>
      <Extensions>h;hh;hpp;hxx;h++;hm;inl;inc;ipp;xsd</Extensions>
    </Filter>
    <Filter Include="RenderPass">
      <UniqueIdentifier>{230947ab-b02d-49f2-aefe-e05ef6691e9c}</UniqueIdentifier>
    </Filter>
    <Filter Include="Scene">
      <UniqueIdentifier>{8b8366c0-580e-4d7e-99ec-036acc7e136b}</UniqueIdentifier>
    </Filter>
    <Filter Include="Objects">
      <UniqueIdentifier>{36a2a674-df76-4d7a-b8ab-1374e79bdb88}</UniqueIdentifier>
    </Filter>
    <Filter Include="Asset">
      <UniqueIdentifier>{4a8a014e-3971-482b-bafe-54c2f3c2ff33}</UniqueIdentifier>
    </Filter>
    <Filter Include="Resources">
      <UniqueIdentifier>{43457a39-f45f-4571-954c-51bf0970db5a}</UniqueIdentifier>
    </Filter>
    <Filter Include="Asset\Loader">
      <UniqueIdentifier>{108407a5-4069-4f4b-a9ec-e212562003f9}</UniqueIdentifier>
    </Filter>
    <Filter Include="Renderer">
      <UniqueIdentifier>{64405519-d391-4dd8-b09b-35b0cab9a4af}</UniqueIdentifier>
    </Filter>
    <Filter Include="Asset\ManagerSystem">
      <UniqueIdentifier>{8bbf4fbb-c1dd-4b3f-9ee0-a4c84b9e19bb}</UniqueIdentifier>
    </Filter>
    <Filter Include="Asset\JobSystem">
      <UniqueIdentifier>{2f3b4f44-0408-444f-87c9-a70e4bea1397}</UniqueIdentifier>
    </Filter>
    <Filter Include="Resources\Shader">
      <UniqueIdentifier>{02cd0328-9b26-4fc9-bebf-d0fa68abb92b}</UniqueIdentifier>
    </Filter>
    <Filter Include="Resources\Material">
      <UniqueIdentifier>{a12c2d5b-c026-4d95-8de3-8051eef1005f}</UniqueIdentifier>
    </Filter>
    <Filter Include="Resources\Mesh">
      <UniqueIdentifier>{0ca168e2-98f5-4141-892e-03c052043c2d}</UniqueIdentifier>
    </Filter>
    <Filter Include="Resources\Model">
      <UniqueIdentifier>{eba2e3b3-3d2a-41f5-8a75-0c8eadbcec0c}</UniqueIdentifier>
    </Filter>
    <Filter Include="Resources\PSO">
      <UniqueIdentifier>{620ad12c-96c4-45f1-98a6-389e35068c53}</UniqueIdentifier>
    </Filter>
    <Filter Include="Resources\Skeleton">
      <UniqueIdentifier>{b28dc982-9f43-4dd2-94f4-21cd93fbf947}</UniqueIdentifier>
    </Filter>
    <Filter Include="Resources\Texture">
      <UniqueIdentifier>{b1fafcb9-74d5-4eec-a37f-c440fdf9d8a5}</UniqueIdentifier>
    </Filter>
    <Filter Include="Resources\Sampler">
      <UniqueIdentifier>{5893fed1-64e8-4139-8627-eaa18d6b68b3}</UniqueIdentifier>
    </Filter>
    <Filter Include="Renderer\DeviceHelper">
      <UniqueIdentifier>{c638d479-f697-49ee-8b0c-12ffea6245df}</UniqueIdentifier>
    </Filter>
    <Filter Include="RenderPass\GBufferPass">
      <UniqueIdentifier>{acb920c8-f53c-4a40-b23e-aa9dfdca5a2d}</UniqueIdentifier>
    </Filter>
    <Filter Include="RenderPass\SSAOPass">
      <UniqueIdentifier>{4a856ffd-fe46-4171-93b8-200b279905a9}</UniqueIdentifier>
    </Filter>
    <Filter Include="RenderPass\DeferredPass">
      <UniqueIdentifier>{5a07932b-2f1d-4501-9812-99412c71920d}</UniqueIdentifier>
    </Filter>
    <Filter Include="RenderPass\ShadowMapPass">
      <UniqueIdentifier>{68d10abe-49ad-40e4-b4d3-7b4ed104ec5b}</UniqueIdentifier>
    </Filter>
    <Filter Include="RenderPass\ToneMapPass">
      <UniqueIdentifier>{5a48ad2d-de4c-445a-9f4b-9b928e25d855}</UniqueIdentifier>
    </Filter>
    <Filter Include="RenderPass\SkyBoxPass">
      <UniqueIdentifier>{3a3fdb30-70e0-44a6-95ab-a8ebc84cbb19}</UniqueIdentifier>
    </Filter>
    <Filter Include="RenderPass\SpritePass">
      <UniqueIdentifier>{0bed34a0-f208-4fc6-a002-1e37dceda11a}</UniqueIdentifier>
    </Filter>
    <Filter Include="RenderPass\BlitPass">
      <UniqueIdentifier>{ad87c5d3-f4f1-40e4-8ec6-7115cb2f02df}</UniqueIdentifier>
    </Filter>
    <Filter Include="RenderPass\ForwardPass">
      <UniqueIdentifier>{64b7272b-de19-484c-9d60-13b87909eb48}</UniqueIdentifier>
    </Filter>
    <Filter Include="RenderPass\WireFramePass">
      <UniqueIdentifier>{f2f829c8-d1db-42f3-bd42-058d669c1e6c}</UniqueIdentifier>
    </Filter>
    <Filter Include="RenderPass\GridPass">
      <UniqueIdentifier>{283179e7-32f1-4427-a1dd-c816135e2518}</UniqueIdentifier>
    </Filter>
    <Filter Include="LightMap">
      <UniqueIdentifier>{1202166f-c121-4ed7-ac41-85133bf5bfab}</UniqueIdentifier>
    </Filter>
    <Filter Include="RenderPass\AAPass">
      <UniqueIdentifier>{acc932ee-ade3-4e17-ba66-54ac90e28a6a}</UniqueIdentifier>
    </Filter>
    <Filter Include="RenderPass\UIPass">
      <UniqueIdentifier>{ff162c06-b4f9-4ad1-a0c0-8752d1fd6bac}</UniqueIdentifier>
    </Filter>
    <Filter Include="Resources\UI">
      <UniqueIdentifier>{e871a5a5-bad3-4bfb-828b-c499a68ab3de}</UniqueIdentifier>
    </Filter>
    <Filter Include="RenderPass\PostProcessingPass">
      <UniqueIdentifier>{9f445704-d778-45d0-9458-9df3483a053d}</UniqueIdentifier>
    </Filter>
    <Filter Include="Shaders">
      <UniqueIdentifier>{9ef1f0d4-2fc0-4420-b3e8-ef3f0993bac9}</UniqueIdentifier>
    </Filter>
    <Filter Include="Shaders\PostProcessShader">
      <UniqueIdentifier>{30b90f09-5b8f-4b3f-aec4-1768f4c31870}</UniqueIdentifier>
    </Filter>
    <Filter Include="Shaders\Common">
      <UniqueIdentifier>{a37c6bd8-a67c-4c9c-b2e8-12cd1128d3d2}</UniqueIdentifier>
    </Filter>
    <Filter Include="Shaders\EditorUseShader">
      <UniqueIdentifier>{621bea8c-d333-4b90-9e2c-6527e1866ab4}</UniqueIdentifier>
    </Filter>
    <Filter Include="Shaders\PipelineShader">
      <UniqueIdentifier>{8e767fa1-c4da-49fb-8661-5c3ac7f2f281}</UniqueIdentifier>
    </Filter>
    <Filter Include="Objects\NewFilter1">
      <UniqueIdentifier>{0e6f9420-256b-4362-b304-9203a64a1eb2}</UniqueIdentifier>
    </Filter>
  </ItemGroup>
  <ItemGroup>
    <ClCompile Include="SceneRenderer.cpp">
      <Filter>Renderer</Filter>
    </ClCompile>
    <ClCompile Include="AnimationLoader.cpp">
      <Filter>Asset\Loader</Filter>
    </ClCompile>
    <ClCompile Include="SkeletonLoader.cpp">
      <Filter>Asset\Loader</Filter>
    </ClCompile>
    <ClCompile Include="ImGuiRenderer.cpp">
      <Filter>Renderer</Filter>
    </ClCompile>
    <ClCompile Include="DataSystem.cpp">
      <Filter>Asset\ManagerSystem</Filter>
    </ClCompile>
    <ClCompile Include="FontManager.cpp">
      <Filter>Asset\ManagerSystem</Filter>
    </ClCompile>
    <ClCompile Include="UI_DataSystem.cpp">
      <Filter>Asset\ManagerSystem</Filter>
    </ClCompile>
    <ClCompile Include="AssetSystem.cpp">
      <Filter>Asset\ManagerSystem</Filter>
    </ClCompile>
    <ClCompile Include="AnimationJob.cpp">
      <Filter>Asset\JobSystem</Filter>
    </ClCompile>
    <ClCompile Include="ModelLoader.cpp">
      <Filter>Asset\Loader</Filter>
    </ClCompile>
    <ClCompile Include="Light.cpp">
      <Filter>Objects</Filter>
    </ClCompile>
    <ClCompile Include="Camera.cpp">
      <Filter>Objects</Filter>
    </ClCompile>
    <ClCompile Include="RenderScene.cpp">
      <Filter>Scene</Filter>
    </ClCompile>
    <ClCompile Include="Material.cpp">
      <Filter>Resources\Material</Filter>
    </ClCompile>
    <ClCompile Include="Mesh.cpp">
      <Filter>Resources\Mesh</Filter>
    </ClCompile>
    <ClCompile Include="Model.cpp">
      <Filter>Resources\Model</Filter>
    </ClCompile>
    <ClCompile Include="PSO.cpp">
      <Filter>Resources\PSO</Filter>
    </ClCompile>
    <ClCompile Include="Skeleton.cpp">
      <Filter>Resources\Skeleton</Filter>
    </ClCompile>
    <ClCompile Include="Texture.cpp">
      <Filter>Resources\Texture</Filter>
    </ClCompile>
    <ClCompile Include="Sampler.cpp">
      <Filter>Resources\Sampler</Filter>
    </ClCompile>
    <ClCompile Include="DeviceState.cpp">
      <Filter>Renderer\DeviceHelper</Filter>
    </ClCompile>
    <ClCompile Include="GBufferPass.cpp">
      <Filter>RenderPass\GBufferPass</Filter>
    </ClCompile>
    <ClCompile Include="SSAOPass.cpp">
      <Filter>RenderPass\SSAOPass</Filter>
    </ClCompile>
    <ClCompile Include="ShadowMapPass.cpp">
      <Filter>RenderPass\ShadowMapPass</Filter>
    </ClCompile>
    <ClCompile Include="DeferredPass.cpp">
      <Filter>RenderPass\DeferredPass</Filter>
    </ClCompile>
    <ClCompile Include="ToneMapPass.cpp">
      <Filter>RenderPass\ToneMapPass</Filter>
    </ClCompile>
    <ClCompile Include="SkyBoxPass.cpp">
      <Filter>RenderPass\SkyBoxPass</Filter>
    </ClCompile>
    <ClCompile Include="WireFramePass.cpp">
      <Filter>RenderPass\WireFramePass</Filter>
    </ClCompile>
    <ClCompile Include="SpritePass.cpp">
      <Filter>RenderPass\SpritePass</Filter>
    </ClCompile>
    <ClCompile Include="BlitPass.cpp">
      <Filter>RenderPass\BlitPass</Filter>
    </ClCompile>
    <ClCompile Include="AAPass.cpp">
      <Filter>RenderPass\AAPass</Filter>
    </ClCompile>
    <ClCompile Include="GridPass.cpp">
      <Filter>RenderPass\GridPass</Filter>
    </ClCompile>
    <ClCompile Include="LightMap.cpp">
      <Filter>LightMap</Filter>
    </ClCompile>
    <ClCompile Include="UIPass.cpp">
      <Filter>RenderPass\UIPass</Filter>
    </ClCompile>
    <ClCompile Include="Text.cpp">
      <Filter>Resources\UI</Filter>
    </ClCompile>
    <ClCompile Include="UIsprite.cpp">
      <Filter>Resources\UI</Filter>
    </ClCompile>
    <ClCompile Include="PostProcessingPass.cpp">
      <Filter>RenderPass\PostProcessingPass</Filter>
    </ClCompile>
  </ItemGroup>
  <ItemGroup>
    <ClInclude Include="IRenderPass.h">
      <Filter>RenderPass</Filter>
    </ClInclude>
    <ClInclude Include="SceneRenderer.h">
      <Filter>Renderer</Filter>
    </ClInclude>
    <ClInclude Include="RenderScene.h">
      <Filter>Scene</Filter>
    </ClInclude>
    <ClInclude Include="Camera.h">
      <Filter>Objects</Filter>
    </ClInclude>
    <ClInclude Include="AnimationLoader.h">
      <Filter>Asset\Loader</Filter>
    </ClInclude>
    <ClInclude Include="ModelLoader.h">
      <Filter>Asset\Loader</Filter>
    </ClInclude>
    <ClInclude Include="SkeletonLoader.h">
      <Filter>Asset\Loader</Filter>
    </ClInclude>
    <ClInclude Include="ImGuiRenderer.h">
      <Filter>Renderer</Filter>
    </ClInclude>
    <ClInclude Include="DataSystem.h">
      <Filter>Asset\ManagerSystem</Filter>
    </ClInclude>
    <ClInclude Include="FontManager.h">
      <Filter>Asset\ManagerSystem</Filter>
    </ClInclude>
    <ClInclude Include="UI_DataSystem.h">
      <Filter>Asset\ManagerSystem</Filter>
    </ClInclude>
    <ClInclude Include="AssetSystem.h">
      <Filter>Asset\ManagerSystem</Filter>
    </ClInclude>
    <ClInclude Include="AnimationJob.h">
      <Filter>Asset\JobSystem</Filter>
    </ClInclude>
    <ClInclude Include="Light.h">
      <Filter>Objects</Filter>
    </ClInclude>
    <ClInclude Include="RenderType.h">
      <Filter>Objects</Filter>
    </ClInclude>
    <ClInclude Include="Shader.h">
      <Filter>Resources\Shader</Filter>
    </ClInclude>
    <ClInclude Include="Material.h">
      <Filter>Resources\Material</Filter>
    </ClInclude>
    <ClInclude Include="Mesh.h">
      <Filter>Resources\Mesh</Filter>
    </ClInclude>
    <ClInclude Include="Model.h">
      <Filter>Resources\Model</Filter>
    </ClInclude>
    <ClInclude Include="PSO.h">
      <Filter>Resources\PSO</Filter>
    </ClInclude>
    <ClInclude Include="Skeleton.h">
      <Filter>Resources\Skeleton</Filter>
    </ClInclude>
    <ClInclude Include="Texture.h">
      <Filter>Resources\Texture</Filter>
    </ClInclude>
    <ClInclude Include="Sampler.h">
      <Filter>Resources\Sampler</Filter>
    </ClInclude>
    <ClInclude Include="DeviceState.h">
      <Filter>Renderer\DeviceHelper</Filter>
    </ClInclude>
    <ClInclude Include="GBufferPass.h">
      <Filter>RenderPass\GBufferPass</Filter>
    </ClInclude>
    <ClInclude Include="SSAOPass.h">
      <Filter>RenderPass\SSAOPass</Filter>
    </ClInclude>
    <ClInclude Include="DeferredPass.h">
      <Filter>RenderPass\DeferredPass</Filter>
    </ClInclude>
    <ClInclude Include="ShadowMapPass.h">
      <Filter>RenderPass\ShadowMapPass</Filter>
    </ClInclude>
    <ClInclude Include="ForwardPass.h">
      <Filter>RenderPass\ForwardPass</Filter>
    </ClInclude>
    <ClInclude Include="ToneMapPass.h">
      <Filter>RenderPass\ToneMapPass</Filter>
    </ClInclude>
    <ClInclude Include="SkyBoxPass.h">
      <Filter>RenderPass\SkyBoxPass</Filter>
    </ClInclude>
    <ClInclude Include="WireFramePass.h">
      <Filter>RenderPass\WireFramePass</Filter>
    </ClInclude>
    <ClInclude Include="SpritePass.h">
      <Filter>RenderPass\SpritePass</Filter>
    </ClInclude>
    <ClInclude Include="BlitPass.h">
      <Filter>RenderPass\BlitPass</Filter>
    </ClInclude>
    <ClInclude Include="AAPass.h">
      <Filter>RenderPass\AAPass</Filter>
    </ClInclude>
    <ClInclude Include="GridPass.h">
      <Filter>RenderPass\GridPass</Filter>
    </ClInclude>
    <ClInclude Include="LightMap.h">
      <Filter>LightMap</Filter>
    </ClInclude>
    <ClInclude Include="PostProcessingPass.h">
      <Filter>RenderPass\PostProcessingPass</Filter>
    </ClInclude>
    <ClInclude Include="LightProperty.h">
      <Filter>Objects\NewFilter1</Filter>
    </ClInclude>
  </ItemGroup>
  <ItemGroup>
    <FxCompile Include="..\x64\Assets\Shaders\BlockFilterDownsample.cs.hlsl">
      <Filter>Shaders\PostProcessShader</Filter>
    </FxCompile>
    <FxCompile Include="..\x64\Assets\Shaders\GaussianBlur6x6_AxisX.cs.hlsl">
      <Filter>Shaders\PostProcessShader</Filter>
    </FxCompile>
    <FxCompile Include="..\x64\Assets\Shaders\GaussianBlur6x6_AxisY.cs.hlsl">
      <Filter>Shaders\PostProcessShader</Filter>
    </FxCompile>
    <FxCompile Include="..\x64\Assets\Shaders\GaussianBlur11x11_AxisX.cs.hlsl">
      <Filter>Shaders\PostProcessShader</Filter>
    </FxCompile>
    <FxCompile Include="..\x64\Assets\Shaders\GaussianBlur11x11_AxisY.cs.hlsl">
      <Filter>Shaders\PostProcessShader</Filter>
    </FxCompile>
    <FxCompile Include="..\x64\Assets\Shaders\UpsampleAccumulate.cs.hlsl">
      <Filter>Shaders\PostProcessShader</Filter>
    </FxCompile>
    <FxCompile Include="..\x64\Assets\Shaders\SSAO.ps.hlsl">
      <Filter>Shaders\PostProcessShader</Filter>
    </FxCompile>
    <FxCompile Include="..\x64\Assets\Shaders\FXAA.cs.hlsl">
      <Filter>Shaders\PostProcessShader</Filter>
    </FxCompile>
    <FxCompile Include="..\x64\Assets\Shaders\ToneMapACES.ps.hlsl">
      <Filter>Shaders\PostProcessShader</Filter>
    </FxCompile>
    <FxCompile Include="..\x64\Assets\Shaders\ToneMapReinhard.ps.hlsl">
      <Filter>Shaders\PostProcessShader</Filter>
    </FxCompile>
    <FxCompile Include="..\x64\Assets\Shaders\Grid.ps.hlsl">
      <Filter>Shaders\EditorUseShader</Filter>
    </FxCompile>
    <FxCompile Include="..\x64\Assets\Shaders\Grid.vs.hlsl">
      <Filter>Shaders\EditorUseShader</Filter>
    </FxCompile>
    <FxCompile Include="..\x64\Assets\Shaders\WireFrame.ps.hlsl">
      <Filter>Shaders\EditorUseShader</Filter>
    </FxCompile>
    <FxCompile Include="..\x64\Assets\Shaders\WireFrame.vs.hlsl">
      <Filter>Shaders\EditorUseShader</Filter>
    </FxCompile>
    <FxCompile Include="..\x64\Assets\Shaders\Blit.ps.hlsl">
      <Filter>Shaders\PipelineShader</Filter>
    </FxCompile>
    <FxCompile Include="..\x64\Assets\Shaders\Deferred.ps.hlsl">
      <Filter>Shaders\PipelineShader</Filter>
    </FxCompile>
    <FxCompile Include="..\x64\Assets\Shaders\Forward.ps.hlsl">
      <Filter>Shaders\PipelineShader</Filter>
    </FxCompile>
    <FxCompile Include="..\x64\Assets\Shaders\Fullscreen.vs.hlsl">
      <Filter>Shaders\PipelineShader</Filter>
    </FxCompile>
    <FxCompile Include="..\x64\Assets\Shaders\GBuffer.ps.hlsl">
      <Filter>Shaders\PipelineShader</Filter>
    </FxCompile>
    <FxCompile Include="..\x64\Assets\Shaders\IntegrateBRDF.ps.hlsl">
      <Filter>Shaders\PipelineShader</Filter>
    </FxCompile>
    <FxCompile Include="..\x64\Assets\Shaders\IrradianceMap.ps.hlsl">
      <Filter>Shaders\PipelineShader</Filter>
    </FxCompile>
    <FxCompile Include="..\x64\Assets\Shaders\RectToCubeMap.ps.hlsl">
      <Filter>Shaders\PipelineShader</Filter>
    </FxCompile>
    <FxCompile Include="..\x64\Assets\Shaders\ShadowMap.ps.hlsl">
      <Filter>Shaders\PipelineShader</Filter>
    </FxCompile>
    <FxCompile Include="..\x64\Assets\Shaders\Skybox.ps.hlsl">
      <Filter>Shaders\PipelineShader</Filter>
    </FxCompile>
    <FxCompile Include="..\x64\Assets\Shaders\Skybox.vs.hlsl">
      <Filter>Shaders\PipelineShader</Filter>
    </FxCompile>
    <FxCompile Include="..\x64\Assets\Shaders\SpecularPreFilter.ps.hlsl">
      <Filter>Shaders\PipelineShader</Filter>
    </FxCompile>
    <FxCompile Include="..\x64\Assets\Shaders\Sprite.ps.hlsl">
      <Filter>Shaders\PipelineShader</Filter>
    </FxCompile>
    <FxCompile Include="..\x64\Assets\Shaders\VertexShader.vs.hlsl">
      <Filter>Shaders\PipelineShader</Filter>
    </FxCompile>
  </ItemGroup>
  <ItemGroup>
    <None Include="..\x64\Assets\Shaders\Lighting.hlsli">
      <Filter>Shaders\Common</Filter>
    </None>
    <None Include="..\x64\Assets\Shaders\Material.hlsli">
      <Filter>Shaders\Common</Filter>
    </None>
    <None Include="..\x64\Assets\Shaders\Phong.hlsli">
      <Filter>Shaders\Common</Filter>
    </None>
    <None Include="..\x64\Assets\Shaders\Sampler.hlsli">
      <Filter>Shaders\Common</Filter>
    </None>
    <None Include="..\x64\Assets\Shaders\Shading.hlsli">
      <Filter>Shaders\Common</Filter>
    </None>
    <None Include="..\x64\Assets\Shaders\BRDF.hlsli">
      <Filter>Shaders\Common</Filter>
    </None>
    <None Include="..\x64\Assets\Shaders\ACES.hlsli">
      <Filter>Shaders\Common</Filter>
    </None>
    <ClInclude Include="UIPass.h">
      <Filter>RenderPass\UIPass</Filter>
    </ClInclude>
    <ClInclude Include="Text.h">
      <Filter>Resources\UI</Filter>
    </ClInclude>
    <ClInclude Include="UIsprite.h">
      <Filter>Resources\UI</Filter>
    </ClInclude>
  </ItemGroup>
</Project>