<?xml version="1.0" encoding="utf-8"?>
<Project ToolsVersion="4.0" xmlns="http://schemas.microsoft.com/developer/msbuild/2003">
  <ItemGroup>
    <Filter Include="리소스 파일">
      <UniqueIdentifier>{67DA6AB6-F800-4c08-8B7A-83BB121AAD01}</UniqueIdentifier>
      <Extensions>rc;ico;cur;bmp;dlg;rc2;rct;bin;rgs;gif;jpg;jpeg;jpe;resx;tiff;tif;png;wav;mfcribbon-ms</Extensions>
    </Filter>
    <Filter Include="Interfaces">
      <UniqueIdentifier>{93995380-89BD-4b04-88EB-625FBE52EBFB}</UniqueIdentifier>
      <Extensions>h;hh;hpp;hxx;h++;hm;inl;inc;ipp;xsd</Extensions>
    </Filter>
    <Filter Include="Classes">
      <UniqueIdentifier>{4FC737F1-C7A5-4376-A066-2A32D752A2FF}</UniqueIdentifier>
      <Extensions>cpp;c;cc;cxx;c++;cppm;ixx;def;odl;idl;hpj;bat;asm;asmx</Extensions>
    </Filter>
    <Filter Include="Classes\Components">
      <UniqueIdentifier>{4066272c-d665-4b3e-8e0d-5bb9cba950aa}</UniqueIdentifier>
    </Filter>
    <Filter Include="Classes\Resources">
      <UniqueIdentifier>{f51a4962-46e7-4e5a-ab83-bc10bfdfed21}</UniqueIdentifier>
    </Filter>
    <Filter Include="Scene">
      <UniqueIdentifier>{54eeda4d-ca2e-4bcc-86f3-7f8d04db689f}</UniqueIdentifier>
    </Filter>
    <Filter Include="Managers">
      <UniqueIdentifier>{da5e0785-8ccd-4eb4-9aff-9a74beb9502b}</UniqueIdentifier>
    </Filter>
    <Filter Include="Classes\HotLoadSystem">
      <UniqueIdentifier>{b793f535-cea8-42fa-801c-4c533b824d3c}</UniqueIdentifier>
    </Filter>
    <Filter Include="Classes\Resources\Light">
      <UniqueIdentifier>{044c4c77-9762-42ae-9e91-6e8e20d089b0}</UniqueIdentifier>
    </Filter>
    <Filter Include="Classes\Components\ComponentBase">
      <UniqueIdentifier>{f6d05690-7090-4db2-97cc-812958f1bceb}</UniqueIdentifier>
    </Filter>
    <Filter Include="Managers\SceneManager">
      <UniqueIdentifier>{bdd71775-7937-4339-95ed-838af4423abe}</UniqueIdentifier>
    </Filter>
    <Filter Include="Classes\RegistrableSceneEvents">
      <UniqueIdentifier>{61bc41e4-b61a-4efc-a54c-7f321c88b8e4}</UniqueIdentifier>
    </Filter>
    <Filter Include="Classes\Object">
      <UniqueIdentifier>{d4616844-2a43-4840-ad71-b715341b47bd}</UniqueIdentifier>
    </Filter>
    <Filter Include="Classes\GameObject">
      <UniqueIdentifier>{f146b3e7-4103-48ad-a96c-6c2bcf57155d}</UniqueIdentifier>
    </Filter>
    <Filter Include="Managers\EngineReflect">
      <UniqueIdentifier>{ca4d0a2a-f8f3-464b-845e-7e806c05ddf1}</UniqueIdentifier>
    </Filter>
    <Filter Include="Classes\Components\ComponentFactory">
      <UniqueIdentifier>{25bd8b3d-610a-4fc6-87f7-0a1e660d89c6}</UniqueIdentifier>
    </Filter>
    <Filter Include="Managers\UIManager">
      <UniqueIdentifier>{4a6b8d53-6659-416d-b82d-18961450a23f}</UniqueIdentifier>
    </Filter>
    <Filter Include="Managers\SoundManager">
      <UniqueIdentifier>{1c5fb144-16fb-4465-9b04-6989fed786ef}</UniqueIdentifier>
    </Filter>
    <Filter Include="Classes\Components\RenderableComponent">
      <UniqueIdentifier>{73674677-6778-4028-8951-143f6440393b}</UniqueIdentifier>
    </Filter>
    <Filter Include="Classes\Components\RenderableComponent\UI">
      <UniqueIdentifier>{df554586-f3d5-4847-8a1e-de01fa0426d3}</UniqueIdentifier>
    </Filter>
    <Filter Include="Classes\Components\PhysicsComponent">
      <UniqueIdentifier>{4f393d3c-4f3d-40a0-933b-e3fb5a3ccd0b}</UniqueIdentifier>
    </Filter>
    <Filter Include="Managers\PhysicsManager">
      <UniqueIdentifier>{0540bf1d-a624-42a1-8866-71e4b6926ae0}</UniqueIdentifier>
    </Filter>
    <Filter Include="Classes\Components\LightComponent">
      <UniqueIdentifier>{728d21fd-e845-469e-9325-f646fb22f63e}</UniqueIdentifier>
    </Filter>
    <Filter Include="Classes\Components\CameraComponent">
      <UniqueIdentifier>{89b93491-3dc7-498f-8fa1-5063dec42141}</UniqueIdentifier>
    </Filter>
    <Filter Include="Classes\Components\CSharpScriptComponent">
      <UniqueIdentifier>{e2c6af93-4c68-476b-bf4c-cf8e7a09dddc}</UniqueIdentifier>
    </Filter>
    <Filter Include="Managers\MonoManager">
      <UniqueIdentifier>{7eb49c68-a217-46ec-bd7c-580f066b3be3}</UniqueIdentifier>
    </Filter>
    <Filter Include="Classes\Resources\Mono">
      <UniqueIdentifier>{f6f85cb4-3a05-4d13-886b-db21e155d7ba}</UniqueIdentifier>
    </Filter>
    <Filter Include="Managers\MonoManager\MonoBindingFunction">
      <UniqueIdentifier>{f67e27a4-7f8c-4409-b724-e48ff17528db}</UniqueIdentifier>
    </Filter>
    <Filter Include="Managers\InputManager">
      <UniqueIdentifier>{6aebec6a-08e7-4d5c-8bad-45f93b7b5385}</UniqueIdentifier>
    </Filter>
    <Filter Include="Classes\Components\CPPScriptComponentBase">
      <UniqueIdentifier>{c0240f3c-f504-4c8a-b947-eab47376032a}</UniqueIdentifier>
    </Filter>
    <Filter Include="Classes\Components\RenderableComponent\Animation">
      <UniqueIdentifier>{c4ebd2f5-0acb-4d51-9e35-55964ddb90a2}</UniqueIdentifier>
    </Filter>
    <Filter Include="Managers\InputActionManager">
      <UniqueIdentifier>{c83882e2-80b3-4d8d-95cd-8da2418fea94}</UniqueIdentifier>
    </Filter>
    <Filter Include="Classes\GameObject\Prefab">
      <UniqueIdentifier>{6e9ab838-161a-44e1-9869-a39e015ffcc4}</UniqueIdentifier>
    </Filter>
    <Filter Include="Managers\TagManager">
      <UniqueIdentifier>{7326de3f-16cd-476a-9169-7a99837ccb03}</UniqueIdentifier>
    </Filter>
    <Filter Include="Managers\Pool">
      <UniqueIdentifier>{c6f9af70-6c32-4634-b5fa-8fa78515e055}</UniqueIdentifier>
    </Filter>
    <Filter Include="Classes\Components\TerrainComponent">
      <UniqueIdentifier>{cdb0c853-085c-4431-9734-95df997eda57}</UniqueIdentifier>
    </Filter>
    <Filter Include="Classes\Resources\Terrain">
      <UniqueIdentifier>{03804a7c-f5e7-415c-98c0-e6d2caea049d}</UniqueIdentifier>
    </Filter>
    <Filter Include="Classes\Components\InputAction">
      <UniqueIdentifier>{d51cb221-f891-48f1-abd0-f3aebcb322ce}</UniqueIdentifier>
    </Filter>
    <Filter Include="Classes\GameAI">
      <UniqueIdentifier>{9f18c3ff-b84c-493f-95c2-5c4168131d95}</UniqueIdentifier>
    </Filter>
    <Filter Include="Classes\GameAI\Core">
      <UniqueIdentifier>{74bc0006-e168-4ee3-b89a-dfc04d2b2b15}</UniqueIdentifier>
    </Filter>
    <Filter Include="Classes\GameAI\AIFramework">
      <UniqueIdentifier>{45e3ddb8-f6df-4450-a0b9-e7213a78d3e3}</UniqueIdentifier>
    </Filter>
    <Filter Include="Classes\GameAI\AIFramework\FSM">
      <UniqueIdentifier>{a3c3cd60-236f-449a-8e24-d1a48523be5a}</UniqueIdentifier>
    </Filter>
    <Filter Include="Classes\GameAI\AIFramework\BT">
      <UniqueIdentifier>{23404554-a029-4e9c-bced-46e99feb929d}</UniqueIdentifier>
    </Filter>
    <Filter Include="Classes\GameObject\PrefabUtility">
      <UniqueIdentifier>{bd79e2da-c4c1-4c05-9605-8ee739a79c80}</UniqueIdentifier>
    </Filter>
  </ItemGroup>
  <ItemGroup>
    <ClCompile Include="Scene.cpp">
      <Filter>Scene</Filter>
    </ClCompile>
    <ClCompile Include="HotLoadSystem.cpp">
      <Filter>Classes\HotLoadSystem</Filter>
    </ClCompile>
    <ClCompile Include="SceneManager.cpp">
      <Filter>Managers\SceneManager</Filter>
    </ClCompile>
    <ClCompile Include="GameObject.cpp">
      <Filter>Classes\GameObject</Filter>
    </ClCompile>
    <ClCompile Include="Transform.cpp">
      <Filter>Classes\Components</Filter>
    </ClCompile>
    <ClCompile Include="Object.cpp">
      <Filter>Classes\Object</Filter>
    </ClCompile>
    <ClCompile Include="ImageComponent.cpp">
      <Filter>Classes\Components\RenderableComponent\UI</Filter>
    </ClCompile>
    <ClCompile Include="Canvas.cpp">
      <Filter>Classes\Components\RenderableComponent\UI</Filter>
    </ClCompile>
    <ClCompile Include="UIButton.cpp">
      <Filter>Classes\Components\RenderableComponent\UI</Filter>
    </ClCompile>
    <ClCompile Include="TextComponent.cpp">
      <Filter>Classes\Components\RenderableComponent\UI</Filter>
    </ClCompile>
    <ClCompile Include="UIComponent.cpp">
      <Filter>Classes\Components\RenderableComponent\UI</Filter>
    </ClCompile>
    <ClCompile Include="ComponentFactory.cpp">
      <Filter>Classes\Components\ComponentFactory</Filter>
    </ClCompile>
    <ClCompile Include="UIManager.cpp">
      <Filter>Managers\UIManager</Filter>
    </ClCompile>
    <ClCompile Include="SoundManager.cpp">
      <Filter>Managers\SoundManager</Filter>
    </ClCompile>
    <ClCompile Include="AnimationController.cpp">
      <Filter>Classes\Components\RenderableComponent\Animation</Filter>
    </ClCompile>
    <ClCompile Include="Animator.cpp">
      <Filter>Classes\Components\RenderableComponent\Animation</Filter>
    </ClCompile>
    <ClCompile Include="AnimationState.cpp">
      <Filter>Classes\Components\RenderableComponent\Animation</Filter>
    </ClCompile>
    <ClCompile Include="AniTransition.cpp">
      <Filter>Classes\Components\RenderableComponent\Animation</Filter>
    </ClCompile>
    <ClCompile Include="TransCondition.cpp">
      <Filter>Classes\Components\RenderableComponent\Animation</Filter>
    </ClCompile>
    <ClCompile Include="AvatarMask.cpp">
      <Filter>Classes\Components\RenderableComponent\Animation</Filter>
    </ClCompile>
    <ClCompile Include="MonoManager.cpp">
      <Filter>Managers\MonoManager</Filter>
    </ClCompile>
    <ClCompile Include="MonoObjectBinding.cpp">
      <Filter>Managers\MonoManager\MonoBindingFunction</Filter>
    </ClCompile>
    <ClCompile Include="BoxColliderComponent.cpp">
      <Filter>Classes\Components\PhysicsComponent</Filter>
    </ClCompile>
    <ClCompile Include="CapsuleColliderComponent.cpp">
      <Filter>Classes\Components\PhysicsComponent</Filter>
    </ClCompile>
    <ClCompile Include="CharacterControllerComponent.cpp">
      <Filter>Classes\Components\PhysicsComponent</Filter>
    </ClCompile>
    <ClCompile Include="TerrainCollider.cpp">
      <Filter>Classes\Components\PhysicsComponent</Filter>
    </ClCompile>
    <ClCompile Include="PhysicsManager.cpp">
      <Filter>Managers\PhysicsManager</Filter>
    </ClCompile>
    <ClCompile Include="InputManager.cpp">
      <Filter>Managers\InputManager</Filter>
    </ClCompile>
    <ClCompile Include="KeyState.cpp">
      <Filter>Managers\InputManager</Filter>
    </ClCompile>
    <ClCompile Include="InputActionManager.cpp">
      <Filter>Managers\InputActionManager</Filter>
    </ClCompile>
    <ClCompile Include="ActionMap.cpp">
      <Filter>Managers\InputActionManager</Filter>
    </ClCompile>
    <ClCompile Include="MeshRenderer.cpp">
      <Filter>Classes\Components\RenderableComponent</Filter>
    </ClCompile>
    <ClCompile Include="Component.cpp">
      <Filter>Classes\Components\ComponentBase</Filter>
    </ClCompile>
    <ClCompile Include="TagManager.cpp">
      <Filter>Managers\TagManager</Filter>
    </ClCompile>
    <ClCompile Include="Terrain.cpp">
      <Filter>Classes\Components\TerrainComponent</Filter>
    </ClCompile>
    <ClCompile Include="InputActionComponent.cpp">
      <Filter>Classes\Components\InputAction</Filter>
    </ClCompile>
    <ClCompile Include="InputAction.cpp">
      <Filter>Managers\InputActionManager</Filter>
    </ClCompile>
    <ClCompile Include="StateMachineComponent.cpp">
      <Filter>Classes\GameAI\AIFramework\FSM</Filter>
    </ClCompile>
    <ClCompile Include="BehaviorTreeComponent.cpp">
      <Filter>Classes\GameAI\AIFramework\BT</Filter>
    </ClCompile>
    <ClCompile Include="NodeFactory.cpp">
      <Filter>Classes\GameAI\AIFramework\BT</Filter>
    </ClCompile>
    <ClCompile Include="Prefab.cpp">
      <Filter>Classes\GameObject\Prefab</Filter>
    </ClCompile>
    <ClCompile Include="PrefabUtility.cpp">
      <Filter>Classes\GameObject\PrefabUtility</Filter>
    </ClCompile>
    <ClCompile Include="RigidBodyComponent.cpp">
      <Filter>Classes\Components\PhysicsComponent</Filter>
    </ClCompile>
  </ItemGroup>
  <ItemGroup>
    <ClInclude Include="IObject.h">
      <Filter>Interfaces</Filter>
    </ClInclude>
    <ClInclude Include="IRenderable.h">
      <Filter>Interfaces</Filter>
    </ClInclude>
    <ClInclude Include="Scene.h">
      <Filter>Scene</Filter>
    </ClInclude>
    <ClInclude Include="HotLoadSystem.h">
      <Filter>Classes\HotLoadSystem</Filter>
    </ClInclude>
    <ClInclude Include="LightProperty.h">
      <Filter>Classes\Resources\Light</Filter>
    </ClInclude>
    <ClInclude Include="Component.h">
      <Filter>Classes\Components\ComponentBase</Filter>
    </ClInclude>
    <ClInclude Include="SceneManager.h">
      <Filter>Managers\SceneManager</Filter>
    </ClInclude>
    <ClInclude Include="GameObject.h">
      <Filter>Classes\GameObject</Filter>
    </ClInclude>
    <ClInclude Include="Transform.h">
      <Filter>Classes\Components</Filter>
    </ClInclude>
    <ClInclude Include="Object.h">
      <Filter>Classes\Object</Filter>
    </ClInclude>
    <ClInclude Include="IUpdatable.h">
      <Filter>Classes\RegistrableSceneEvents</Filter>
    </ClInclude>
    <ClInclude Include="IFixedUpdatable.h">
      <Filter>Classes\RegistrableSceneEvents</Filter>
    </ClInclude>
    <ClInclude Include="ImageComponent.h">
      <Filter>Classes\Components\RenderableComponent\UI</Filter>
    </ClInclude>
    <ClInclude Include="Canvas.h">
      <Filter>Classes\Components\RenderableComponent\UI</Filter>
    </ClInclude>
    <ClInclude Include="UIButton.h">
      <Filter>Classes\Components\RenderableComponent\UI</Filter>
    </ClInclude>
    <ClInclude Include="TextComponent.h">
      <Filter>Classes\Components\RenderableComponent\UI</Filter>
    </ClInclude>
    <ClInclude Include="UIComponent.h">
      <Filter>Classes\Components\RenderableComponent\UI</Filter>
    </ClInclude>
    <ClInclude Include="RegisterReflect.def">
      <Filter>Managers\EngineReflect</Filter>
    </ClInclude>
    <ClInclude Include="ComponentFactory.h">
      <Filter>Classes\Components\ComponentFactory</Filter>
    </ClInclude>
    <ClInclude Include="UIManager.h">
      <Filter>Managers\UIManager</Filter>
    </ClInclude>
    <ClInclude Include="SoundManager.h">
      <Filter>Managers\SoundManager</Filter>
    </ClInclude>
    <ClInclude Include="RenderableComponents.h">
      <Filter>Classes\Components\RenderableComponent</Filter>
    </ClInclude>
    <ClInclude Include="MeshRenderer.h">
      <Filter>Classes\Components\RenderableComponent</Filter>
    </ClInclude>
    <ClInclude Include="LightMapping.h">
      <Filter>Classes\Components\RenderableComponent</Filter>
    </ClInclude>
    <ClInclude Include="SpriteRenderer.h">
      <Filter>Classes\Components\RenderableComponent</Filter>
    </ClInclude>
    <ClInclude Include="AnimationController.h">
      <Filter>Classes\Components\RenderableComponent\Animation</Filter>
    </ClInclude>
    <ClInclude Include="Animator.h">
      <Filter>Classes\Components\RenderableComponent\Animation</Filter>
    </ClInclude>
    <ClInclude Include="AnimationState.h">
      <Filter>Classes\Components\RenderableComponent\Animation</Filter>
    </ClInclude>
    <ClInclude Include="AniTransition.h">
      <Filter>Classes\Components\RenderableComponent\Animation</Filter>
    </ClInclude>
    <ClInclude Include="IAwakable.h">
      <Filter>Classes\RegistrableSceneEvents</Filter>
    </ClInclude>
    <ClInclude Include="BoxColliderComponent.h">
      <Filter>Classes\Components\PhysicsComponent</Filter>
    </ClInclude>
    <ClInclude Include="RigidBodyComponent.h">
      <Filter>Classes\Components\PhysicsComponent</Filter>
    </ClInclude>
    <ClInclude Include="TransCondition.h">
      <Filter>Classes\Components\RenderableComponent\Animation</Filter>
    </ClInclude>
    <ClInclude Include="resource.h">
      <Filter>Interfaces</Filter>
    </ClInclude>
    <ClInclude Include="ConditionParameter.h">
      <Filter>Classes\Components\RenderableComponent\Animation</Filter>
    </ClInclude>
    <ClInclude Include="AniBehaviour.h">
      <Filter>Classes\Components\RenderableComponent\Animation</Filter>
    </ClInclude>
    <ClInclude Include="AnimationBehviourFatory.h">
      <Filter>Classes\Components\RenderableComponent\Animation</Filter>
    </ClInclude>
    <ClInclude Include="AvatarMask.h">
      <Filter>Classes\Components\RenderableComponent\Animation</Filter>
    </ClInclude>
    <ClInclude Include="IOnDistroy.h">
      <Filter>Classes\RegistrableSceneEvents</Filter>
    </ClInclude>
    <ClInclude Include="LightComponent.h">
      <Filter>Classes\Components\LightComponent</Filter>
    </ClInclude>
    <ClInclude Include="CameraComponent.h">
      <Filter>Classes\Components\CameraComponent</Filter>
    </ClInclude>
    <ClInclude Include="GameObjectType.h">
      <Filter>Classes\GameObject</Filter>
    </ClInclude>
    <ClInclude Include="MonoManager.h">
      <Filter>Managers\MonoManager</Filter>
    </ClInclude>
    <ClInclude Include="MonoBehaviorRecord.h">
      <Filter>Classes\Resources\Mono</Filter>
    </ClInclude>
    <ClInclude Include="CSharpScriptComponent.h">
      <Filter>Classes\Components\CSharpScriptComponent</Filter>
    </ClInclude>
    <ClInclude Include="MonoObjectBinding.h">
      <Filter>Managers\MonoManager\MonoBindingFunction</Filter>
    </ClInclude>
    <ClInclude Include="PhysicsManager.h">
      <Filter>Managers\PhysicsManager</Filter>
    </ClInclude>
    <ClInclude Include="CapsuleColliderComponent.h">
      <Filter>Classes\Components\PhysicsComponent</Filter>
    </ClInclude>
    <ClInclude Include="CharacterControllerComponent.h">
      <Filter>Classes\Components\PhysicsComponent</Filter>
    </ClInclude>
    <ClInclude Include="MeshCollider.h">
      <Filter>Classes\Components\PhysicsComponent</Filter>
    </ClInclude>
    <ClInclude Include="RagdollComponent.h">
      <Filter>Classes\Components\PhysicsComponent</Filter>
    </ClInclude>
    <ClInclude Include="SphereColliderComponent.h">
      <Filter>Classes\Components\PhysicsComponent</Filter>
    </ClInclude>
    <ClInclude Include="TerrainCollider.h">
      <Filter>Classes\Components\PhysicsComponent</Filter>
    </ClInclude>
    <ClInclude Include="Terrain.h">
      <Filter>Classes\Components\TerrainComponent</Filter>
    </ClInclude>
    <ClInclude Include="InputManager.h">
      <Filter>Managers\InputManager</Filter>
    </ClInclude>
    <ClInclude Include="KeyState.h">
      <Filter>Managers\InputManager</Filter>
    </ClInclude>
    <ClInclude Include="ModuleBehavior.h">
      <Filter>Classes\Components\CPPScriptComponentBase</Filter>
    </ClInclude>
    <ClInclude Include="ModuleBehaviorInfo.h">
      <Filter>Classes\Components\CPPScriptComponentBase</Filter>
    </ClInclude>
    <ClInclude Include="ActionMap.h">
      <Filter>Managers\InputActionManager</Filter>
    </ClInclude>
    <ClInclude Include="InputActionManager.h">
      <Filter>Managers\InputActionManager</Filter>
    </ClInclude>
    <ClInclude Include="TagManager.h">
      <Filter>Managers\TagManager</Filter>
    </ClInclude>
    <ClInclude Include="GameObjectPool.h">
      <Filter>Managers\Pool</Filter>
    </ClInclude>
    <ClInclude Include="IProjectSetting.h">
      <Filter>Interfaces</Filter>
    </ClInclude>
    <ClInclude Include="IOnEnable.h">
      <Filter>Classes\RegistrableSceneEvents</Filter>
    </ClInclude>
    <ClInclude Include="IOnDisable.h">
      <Filter>Classes\RegistrableSceneEvents</Filter>
    </ClInclude>
    <ClInclude Include="ArticulationData.h">
      <Filter>Interfaces</Filter>
    </ClInclude>
    <ClInclude Include="ArticulationLoader.h">
      <Filter>Interfaces</Filter>
    </ClInclude>
    <ClInclude Include="LinkData.h">
      <Filter>Interfaces</Filter>
    </ClInclude>
    <ClInclude Include="BoneMask.h">
      <Filter>Classes\Components\RenderableComponent\Animation</Filter>
    </ClInclude>
    <ClInclude Include="TerrainBuffers.h">
      <Filter>Classes\Resources\Terrain</Filter>
    </ClInclude>
    <ClInclude Include="InputActionComponent.h">
      <Filter>Classes\Components\InputAction</Filter>
    </ClInclude>
    <ClInclude Include="InputAction.h">
      <Filter>Managers\InputActionManager</Filter>
    </ClInclude>
    <ClInclude Include="BlackBoard.h">
      <Filter>Classes\GameAI\Core</Filter>
    </ClInclude>
    <ClInclude Include="IAIComponent.h">
      <Filter>Classes\GameAI\Core</Filter>
    </ClInclude>
    <ClInclude Include="AIManager.h">
      <Filter>Classes\GameAI\Core</Filter>
    </ClInclude>
    <ClInclude Include="IScriptedFSM.h">
      <Filter>Classes\GameAI\AIFramework\FSM</Filter>
    </ClInclude>
    <ClInclude Include="FSMState.h">
      <Filter>Classes\GameAI\AIFramework\FSM</Filter>
    </ClInclude>
    <ClInclude Include="Transition.h">
      <Filter>Classes\GameAI\AIFramework\FSM</Filter>
    </ClInclude>
    <ClInclude Include="StateMachineComponent.h">
      <Filter>Classes\GameAI\AIFramework\FSM</Filter>
    </ClInclude>
    <ClInclude Include="BTHeader.h">
      <Filter>Classes\GameAI\AIFramework\BT</Filter>
    </ClInclude>
    <ClInclude Include="BehaviorTreeComponent.h">
      <Filter>Classes\GameAI\AIFramework\BT</Filter>
    </ClInclude>
    <ClInclude Include="Prefab.h">
      <Filter>Classes\GameObject\Prefab</Filter>
    </ClInclude>
    <ClInclude Include="NodeFactory.h">
      <Filter>Classes\GameAI\AIFramework\BT</Filter>
    </ClInclude>
    <ClInclude Include="PrefabUtility.h">
      <Filter>Classes\GameObject\PrefabUtility</Filter>
    </ClInclude>
    <ClInclude Include="IStartable.h">
      <Filter>Classes\RegistrableSceneEvents</Filter>
    </ClInclude>
    <ClInclude Include="ILateUpdatable.h">
      <Filter>Classes\RegistrableSceneEvents</Filter>
    </ClInclude>
    <ClInclude Include="EBodyType.h">
      <Filter>Classes\Components\PhysicsComponent</Filter>
    </ClInclude>
  </ItemGroup>
  <ItemGroup>
    <None Include="GameObejct.inl">
      <Filter>Classes\GameObject</Filter>
    </None>
    <None Include="Component.inl">
      <Filter>Classes\Components\ComponentBase</Filter>
    </None>
  </ItemGroup>
  <ItemGroup>
    <Text Include="GameAi.txt">
      <Filter>Classes\GameAI</Filter>
    </Text>
  </ItemGroup>
</Project>